{
  "name": "my-awesome-presentation",
  "lockfileVersion": 2,
  "requires": true,
  "packages": {
    "": {
      "dependencies": {
        "pandadoc": "^1.0.1"
      }
    },
    "node_modules/pandadoc": {
      "version": "1.0.1",
      "resolved": "https://registry.npmjs.org/pandadoc/-/pandadoc-1.0.1.tgz",
      "integrity": "sha512-/81W1g1JEHd02ZJMWGOWJpDx1moPTIvkxhJ0XpA5ZxCSLkJeg7z/nLVcULC7D3yHB4S/1stF+QipZ4cAeYpnJw=="
    }
  },
  "dependencies": {
    "pandadoc": {
      "version": "1.0.1",
      "resolved": "https://registry.npmjs.org/pandadoc/-/pandadoc-1.0.1.tgz",
      "integrity": "sha512-/81W1g1JEHd02ZJMWGOWJpDx1moPTIvkxhJ0XpA5ZxCSLkJeg7z/nLVcULC7D3yHB4S/1stF+QipZ4cAeYpnJw=="
    }
  }
}
